Microsoft Visual Studio Solution File, Format Version 12.00
# Visual Studio Version 17
VisualStudioVersion = 17.5.2.0
MinimumVisualStudioVersion = 10.0.40219.1
Project("{FAE04EC0-301F-11D3-BF4B-00C04F79EFBC}") = "transacao-estatistica", "transacao-estatistica.csproj", "{98B4CA23-D29B-DDF9-5941-98CA29610626}"
EndProject
Global
	GlobalSection(SolutionConfigurationPlatforms) = preSolution
		Debug|Any CPU = Debug|Any CPU
		Release|Any CPU = Release|Any CPU
	EndGlobalSection
	GlobalSection(ProjectConfigurationPlatforms) = postSolution
		{98B4CA23-D29B-DDF9-5941-98CA29610626}.Debug|Any CPU.ActiveCfg = Debug|Any CPU
		{98B4CA23-D29B-DDF9-5941-98CA29610626}.Debug|Any CPU.Build.0 = Debug|Any CPU
		{98B4CA23-D29B-DDF9-5941-98CA29610626}.Release|Any CPU.ActiveCfg = Release|Any CPU
		{98B4CA23-D29B-DDF9-5941-98CA29610626}.Release|Any CPU.Build.0 = Release|Any CPU
	EndGlobalSection
	GlobalSection(SolutionProperties) = preSolution
		HideSolutionNode = FALSE
	EndGlobalSection
	GlobalSection(ExtensibilityGlobals) = postSolution
		SolutionGuid = {0A9AA94E-84A5-4563-AC22-715E8BF8243F}
	EndGlobalSection
EndGlobal
